
Microsoft Visual Studio Solution File, Format Version 12.00
# Visual Studio 15
VisualStudioVersion = 15.0.28307.779
MinimumVisualStudioVersion = 10.0.40219.1
Project("{FAE04EC0-301F-11D3-BF4B-00C04F79EFBC}") = "Apportionment2.Android", "Apportionment2\Apportionment2.Android\Apportionment2.Android.csproj", "{2AE677C0-6826-48BB-999C-B624B28474D4}"
EndProject
Project("{FAE04EC0-301F-11D3-BF4B-00C04F79EFBC}") = "Apportionment2.iOS", "Apportionment2\Apportionment2.iOS\Apportionment2.iOS.csproj", "{8A887147-D68A-48F3-B9DF-20488975D407}"
EndProject
Project("{FAE04EC0-301F-11D3-BF4B-00C04F79EFBC}") = "Apportionment2.UWP", "Apportionment2\Apportionment2.UWP\Apportionment2.UWP.csproj", "{45A108A4-5308-4F5A-91DC-817CCEC13337}"
EndProject
Project("{9A19103F-16F7-4668-BE54-9A1E7A4F7556}") = "Apportionment2", "Apportionment2\Apportionment2\Apportionment2.csproj", "{203C5D64-6335-4220-9C73-407F5ECF74FC}"
EndProject
Project("{FAE04EC0-301F-11D3-BF4B-00C04F79EFBC}") = "UnitTestApp", "UnitTestApp\UnitTestApp.csproj", "{DA355D1D-B219-4B24-AF5D-9CB0F9334CC3}"
EndProject
Global
	GlobalSection(SolutionConfigurationPlatforms) = preSolution
		Ad-Hoc|Any CPU = Ad-Hoc|Any CPU
		Ad-Hoc|ARM = Ad-Hoc|ARM
		Ad-Hoc|ARM64 = Ad-Hoc|ARM64
		Ad-Hoc|iPhone = Ad-Hoc|iPhone
		Ad-Hoc|iPhoneSimulator = Ad-Hoc|iPhoneSimulator
		Ad-Hoc|x64 = Ad-Hoc|x64
		Ad-Hoc|x86 = Ad-Hoc|x86
		AppStore|Any CPU = AppStore|Any CPU
		AppStore|ARM = AppStore|ARM
		AppStore|ARM64 = AppStore|ARM64
		AppStore|iPhone = AppStore|iPhone
		AppStore|iPhoneSimulator = AppStore|iPhoneSimulator
		AppStore|x64 = AppStore|x64
		AppStore|x86 = AppStore|x86
		Debug|Any CPU = Debug|Any CPU
		Debug|ARM = Debug|ARM
		Debug|ARM64 = Debug|ARM64
		Debug|iPhone = Debug|iPhone
		Debug|iPhoneSimulator = Debug|iPhoneSimulator
		Debug|x64 = Debug|x64
		Debug|x86 = Debug|x86
		Release|Any CPU = Release|Any CPU
		Release|ARM = Release|ARM
		Release|ARM64 = Release|ARM64
		Release|iPhone = Release|iPhone
		Release|iPhoneSimulator = Release|iPhoneSimulator
		Release|x64 = Release|x64
		Release|x86 = Release|x86
	EndGlobalSection
	GlobalSection(ProjectConfigurationPlatforms) = postSolution
		{2AE677C0-6826-48BB-999C-B624B28474D4}.Ad-Hoc|Any CPU.ActiveCfg = Release|Any CPU
		{2AE677C0-6826-48BB-999C-B624B28474D4}.Ad-Hoc|Any CPU.Build.0 = Release|Any CPU
		{2AE677C0-6826-48BB-999C-B624B28474D4}.Ad-Hoc|Any CPU.Deploy.0 = Release|Any CPU
		{2AE677C0-6826-48BB-999C-B624B28474D4}.Ad-Hoc|ARM.ActiveCfg = Release|Any CPU
		{2AE677C0-6826-48BB-999C-B624B28474D4}.Ad-Hoc|ARM.Build.0 = Release|Any CPU
		{2AE677C0-6826-48BB-999C-B624B28474D4}.Ad-Hoc|ARM.Deploy.0 = Release|Any CPU
		{2AE677C0-6826-48BB-999C-B624B28474D4}.Ad-Hoc|ARM64.ActiveCfg = Debug|Any CPU
		{2AE677C0-6826-48BB-999C-B624B28474D4}.Ad-Hoc|ARM64.Build.0 = Debug|Any CPU
		{2AE677C0-6826-48BB-999C-B624B28474D4}.Ad-Hoc|ARM64.Deploy.0 = Debug|Any CPU
		{2AE677C0-6826-48BB-999C-B624B28474D4}.Ad-Hoc|iPhone.ActiveCfg = Release|Any CPU
		{2AE677C0-6826-48BB-999C-B624B28474D4}.Ad-Hoc|iPhone.Build.0 = Release|Any CPU
		{2AE677C0-6826-48BB-999C-B624B28474D4}.Ad-Hoc|iPhone.Deploy.0 = Release|Any CPU
		{2AE677C0-6826-48BB-999C-B624B28474D4}.Ad-Hoc|iPhoneSimulator.ActiveCfg = Release|Any CPU
		{2AE677C0-6826-48BB-999C-B624B28474D4}.Ad-Hoc|iPhoneSimulator.Build.0 = Release|Any CPU
		{2AE677C0-6826-48BB-999C-B624B28474D4}.Ad-Hoc|iPhoneSimulator.Deploy.0 = Release|Any CPU
		{2AE677C0-6826-48BB-999C-B624B28474D4}.Ad-Hoc|x64.ActiveCfg = Release|Any CPU
		{2AE677C0-6826-48BB-999C-B624B28474D4}.Ad-Hoc|x64.Build.0 = Release|Any CPU
		{2AE677C0-6826-48BB-999C-B624B28474D4}.Ad-Hoc|x64.Deploy.0 = Release|Any CPU
		{2AE677C0-6826-48BB-999C-B624B28474D4}.Ad-Hoc|x86.ActiveCfg = Release|Any CPU
		{2AE677C0-6826-48BB-999C-B624B28474D4}.Ad-Hoc|x86.Build.0 = Release|Any CPU
		{2AE677C0-6826-48BB-999C-B624B28474D4}.Ad-Hoc|x86.Deploy.0 = Release|Any CPU
		{2AE677C0-6826-48BB-999C-B624B28474D4}.AppStore|Any CPU.ActiveCfg = Release|Any CPU
		{2AE677C0-6826-48BB-999C-B624B28474D4}.AppStore|Any CPU.Build.0 = Release|Any CPU
		{2AE677C0-6826-48BB-999C-B624B28474D4}.AppStore|Any CPU.Deploy.0 = Release|Any CPU
		{2AE677C0-6826-48BB-999C-B624B28474D4}.AppStore|ARM.ActiveCfg = Release|Any CPU
		{2AE677C0-6826-48BB-999C-B624B28474D4}.AppStore|ARM.Build.0 = Release|Any CPU
		{2AE677C0-6826-48BB-999C-B624B28474D4}.AppStore|ARM.Deploy.0 = Release|Any CPU
		{2AE677C0-6826-48BB-999C-B624B28474D4}.AppStore|ARM64.ActiveCfg = Debug|Any CPU
		{2AE677C0-6826-48BB-999C-B624B28474D4}.AppStore|ARM64.Build.0 = Debug|Any CPU
		{2AE677C0-6826-48BB-999C-B624B28474D4}.AppStore|ARM64.Deploy.0 = Debug|Any CPU
		{2AE677C0-6826-48BB-999C-B624B28474D4}.AppStore|iPhone.ActiveCfg = Release|Any CPU
		{2AE677C0-6826-48BB-999C-B624B28474D4}.AppStore|iPhone.Build.0 = Release|Any CPU
		{2AE677C0-6826-48BB-999C-B624B28474D4}.AppStore|iPhone.Deploy.0 = Release|Any CPU
		{2AE677C0-6826-48BB-999C-B624B28474D4}.AppStore|iPhoneSimulator.ActiveCfg = Release|Any CPU
		{2AE677C0-6826-48BB-999C-B624B28474D4}.AppStore|iPhoneSimulator.Build.0 = Release|Any CPU
		{2AE677C0-6826-48BB-999C-B624B28474D4}.AppStore|iPhoneSimulator.Deploy.0 = Release|Any CPU
		{2AE677C0-6826-48BB-999C-B624B28474D4}.AppStore|x64.ActiveCfg = Release|Any CPU
		{2AE677C0-6826-48BB-999C-B624B28474D4}.AppStore|x64.Build.0 = Release|Any CPU
		{2AE677C0-6826-48BB-999C-B624B28474D4}.AppStore|x64.Deploy.0 = Release|Any CPU
		{2AE677C0-6826-48BB-999C-B624B28474D4}.AppStore|x86.ActiveCfg = Release|Any CPU
		{2AE677C0-6826-48BB-999C-B624B28474D4}.AppStore|x86.Build.0 = Release|Any CPU
		{2AE677C0-6826-48BB-999C-B624B28474D4}.AppStore|x86.Deploy.0 = Release|Any CPU
		{2AE677C0-6826-48BB-999C-B624B28474D4}.Debug|Any CPU.ActiveCfg = Debug|Any CPU
		{2AE677C0-6826-48BB-999C-B624B28474D4}.Debug|Any CPU.Build.0 = Debug|Any CPU
		{2AE677C0-6826-48BB-999C-B624B28474D4}.Debug|Any CPU.Deploy.0 = Debug|Any CPU
		{2AE677C0-6826-48BB-999C-B624B28474D4}.Debug|ARM.ActiveCfg = Debug|Any CPU
		{2AE677C0-6826-48BB-999C-B624B28474D4}.Debug|ARM.Build.0 = Debug|Any CPU
		{2AE677C0-6826-48BB-999C-B624B28474D4}.Debug|ARM.Deploy.0 = Debug|Any CPU
		{2AE677C0-6826-48BB-999C-B624B28474D4}.Debug|ARM64.ActiveCfg = Debug|Any CPU
		{2AE677C0-6826-48BB-999C-B624B28474D4}.Debug|ARM64.Build.0 = Debug|Any CPU
		{2AE677C0-6826-48BB-999C-B624B28474D4}.Debug|ARM64.Deploy.0 = Debug|Any CPU
		{2AE677C0-6826-48BB-999C-B624B28474D4}.Debug|iPhone.ActiveCfg = Debug|Any CPU
		{2AE677C0-6826-48BB-999C-B624B28474D4}.Debug|iPhone.Build.0 = Debug|Any CPU
		{2AE677C0-6826-48BB-999C-B624B28474D4}.Debug|iPhone.Deploy.0 = Debug|Any CPU
		{2AE677C0-6826-48BB-999C-B624B28474D4}.Debug|iPhoneSimulator.ActiveCfg = Debug|Any CPU
		{2AE677C0-6826-48BB-999C-B624B28474D4}.Debug|iPhoneSimulator.Build.0 = Debug|Any CPU
		{2AE677C0-6826-48BB-999C-B624B28474D4}.Debug|iPhoneSimulator.Deploy.0 = Debug|Any CPU
		{2AE677C0-6826-48BB-999C-B624B28474D4}.Debug|x64.ActiveCfg = Debug|Any CPU
		{2AE677C0-6826-48BB-999C-B624B28474D4}.Debug|x64.Build.0 = Debug|Any CPU
		{2AE677C0-6826-48BB-999C-B624B28474D4}.Debug|x64.Deploy.0 = Debug|Any CPU
		{2AE677C0-6826-48BB-999C-B624B28474D4}.Debug|x86.ActiveCfg = Debug|Any CPU
		{2AE677C0-6826-48BB-999C-B624B28474D4}.Debug|x86.Build.0 = Debug|Any CPU
		{2AE677C0-6826-48BB-999C-B624B28474D4}.Debug|x86.Deploy.0 = Debug|Any CPU
		{2AE677C0-6826-48BB-999C-B624B28474D4}.Release|Any CPU.ActiveCfg = Release|Any CPU
		{2AE677C0-6826-48BB-999C-B624B28474D4}.Release|Any CPU.Build.0 = Release|Any CPU
		{2AE677C0-6826-48BB-999C-B624B28474D4}.Release|Any CPU.Deploy.0 = Release|Any CPU
		{2AE677C0-6826-48BB-999C-B624B28474D4}.Release|ARM.ActiveCfg = Release|Any CPU
		{2AE677C0-6826-48BB-999C-B624B28474D4}.Release|ARM.Build.0 = Release|Any CPU
		{2AE677C0-6826-48BB-999C-B624B28474D4}.Release|ARM.Deploy.0 = Release|Any CPU
		{2AE677C0-6826-48BB-999C-B624B28474D4}.Release|ARM64.ActiveCfg = Release|Any CPU
		{2AE677C0-6826-48BB-999C-B624B28474D4}.Release|ARM64.Build.0 = Release|Any CPU
		{2AE677C0-6826-48BB-999C-B624B28474D4}.Release|ARM64.Deploy.0 = Release|Any CPU
		{2AE677C0-6826-48BB-999C-B624B28474D4}.Release|iPhone.ActiveCfg = Release|Any CPU
		{2AE677C0-6826-48BB-999C-B624B28474D4}.Release|iPhone.Build.0 = Release|Any CPU
		{2AE677C0-6826-48BB-999C-B624B28474D4}.Release|iPhone.Deploy.0 = Release|Any CPU
		{2AE677C0-6826-48BB-999C-B624B28474D4}.Release|iPhoneSimulator.ActiveCfg = Release|Any CPU
		{2AE677C0-6826-48BB-999C-B624B28474D4}.Release|iPhoneSimulator.Build.0 = Release|Any CPU
		{2AE677C0-6826-48BB-999C-B624B28474D4}.Release|iPhoneSimulator.Deploy.0 = Release|Any CPU
		{2AE677C0-6826-48BB-999C-B624B28474D4}.Release|x64.ActiveCfg = Release|Any CPU
		{2AE677C0-6826-48BB-999C-B624B28474D4}.Release|x64.Build.0 = Release|Any CPU
		{2AE677C0-6826-48BB-999C-B624B28474D4}.Release|x64.Deploy.0 = Release|Any CPU
		{2AE677C0-6826-48BB-999C-B624B28474D4}.Release|x86.ActiveCfg = Release|Any CPU
		{2AE677C0-6826-48BB-999C-B624B28474D4}.Release|x86.Build.0 = Release|Any CPU
		{2AE677C0-6826-48BB-999C-B624B28474D4}.Release|x86.Deploy.0 = Release|Any CPU
		{8A887147-D68A-48F3-B9DF-20488975D407}.Ad-Hoc|Any CPU.ActiveCfg = Ad-Hoc|iPhone
		{8A887147-D68A-48F3-B9DF-20488975D407}.Ad-Hoc|Any CPU.Build.0 = Ad-Hoc|iPhone
		{8A887147-D68A-48F3-B9DF-20488975D407}.Ad-Hoc|Any CPU.Deploy.0 = Ad-Hoc|iPhone
		{8A887147-D68A-48F3-B9DF-20488975D407}.Ad-Hoc|ARM.ActiveCfg = Ad-Hoc|iPhone
		{8A887147-D68A-48F3-B9DF-20488975D407}.Ad-Hoc|ARM.Build.0 = Ad-Hoc|iPhone
		{8A887147-D68A-48F3-B9DF-20488975D407}.Ad-Hoc|ARM.Deploy.0 = Ad-Hoc|iPhone
		{8A887147-D68A-48F3-B9DF-20488975D407}.Ad-Hoc|ARM64.ActiveCfg = Ad-Hoc|iPhoneSimulator
		{8A887147-D68A-48F3-B9DF-20488975D407}.Ad-Hoc|iPhone.ActiveCfg = Ad-Hoc|iPhone
		{8A887147-D68A-48F3-B9DF-20488975D407}.Ad-Hoc|iPhone.Build.0 = Ad-Hoc|iPhone
		{8A887147-D68A-48F3-B9DF-20488975D407}.Ad-Hoc|iPhone.Deploy.0 = Ad-Hoc|iPhone
		{8A887147-D68A-48F3-B9DF-20488975D407}.Ad-Hoc|iPhoneSimulator.ActiveCfg = Ad-Hoc|iPhoneSimulator
		{8A887147-D68A-48F3-B9DF-20488975D407}.Ad-Hoc|iPhoneSimulator.Build.0 = Ad-Hoc|iPhoneSimulator
		{8A887147-D68A-48F3-B9DF-20488975D407}.Ad-Hoc|iPhoneSimulator.Deploy.0 = Ad-Hoc|iPhoneSimulator
		{8A887147-D68A-48F3-B9DF-20488975D407}.Ad-Hoc|x64.ActiveCfg = Ad-Hoc|iPhone
		{8A887147-D68A-48F3-B9DF-20488975D407}.Ad-Hoc|x64.Build.0 = Ad-Hoc|iPhone
		{8A887147-D68A-48F3-B9DF-20488975D407}.Ad-Hoc|x64.Deploy.0 = Ad-Hoc|iPhone
		{8A887147-D68A-48F3-B9DF-20488975D407}.Ad-Hoc|x86.ActiveCfg = Ad-Hoc|iPhone
		{8A887147-D68A-48F3-B9DF-20488975D407}.Ad-Hoc|x86.Build.0 = Ad-Hoc|iPhone
		{8A887147-D68A-48F3-B9DF-20488975D407}.Ad-Hoc|x86.Deploy.0 = Ad-Hoc|iPhone
		{8A887147-D68A-48F3-B9DF-20488975D407}.AppStore|Any CPU.ActiveCfg = AppStore|iPhone
		{8A887147-D68A-48F3-B9DF-20488975D407}.AppStore|Any CPU.Build.0 = AppStore|iPhone
		{8A887147-D68A-48F3-B9DF-20488975D407}.AppStore|Any CPU.Deploy.0 = AppStore|iPhone
		{8A887147-D68A-48F3-B9DF-20488975D407}.AppStore|ARM.ActiveCfg = AppStore|iPhone
		{8A887147-D68A-48F3-B9DF-20488975D407}.AppStore|ARM.Build.0 = AppStore|iPhone
		{8A887147-D68A-48F3-B9DF-20488975D407}.AppStore|ARM.Deploy.0 = AppStore|iPhone
		{8A887147-D68A-48F3-B9DF-20488975D407}.AppStore|ARM64.ActiveCfg = AppStore|iPhoneSimulator
		{8A887147-D68A-48F3-B9DF-20488975D407}.AppStore|iPhone.ActiveCfg = AppStore|iPhone
		{8A887147-D68A-48F3-B9DF-20488975D407}.AppStore|iPhone.Build.0 = AppStore|iPhone
		{8A887147-D68A-48F3-B9DF-20488975D407}.AppStore|iPhone.Deploy.0 = AppStore|iPhone
		{8A887147-D68A-48F3-B9DF-20488975D407}.AppStore|iPhoneSimulator.ActiveCfg = AppStore|iPhoneSimulator
		{8A887147-D68A-48F3-B9DF-20488975D407}.AppStore|iPhoneSimulator.Build.0 = AppStore|iPhoneSimulator
		{8A887147-D68A-48F3-B9DF-20488975D407}.AppStore|iPhoneSimulator.Deploy.0 = AppStore|iPhoneSimulator
		{8A887147-D68A-48F3-B9DF-20488975D407}.AppStore|x64.ActiveCfg = AppStore|iPhone
		{8A887147-D68A-48F3-B9DF-20488975D407}.AppStore|x64.Build.0 = AppStore|iPhone
		{8A887147-D68A-48F3-B9DF-20488975D407}.AppStore|x64.Deploy.0 = AppStore|iPhone
		{8A887147-D68A-48F3-B9DF-20488975D407}.AppStore|x86.ActiveCfg = AppStore|iPhone
		{8A887147-D68A-48F3-B9DF-20488975D407}.AppStore|x86.Build.0 = AppStore|iPhone
		{8A887147-D68A-48F3-B9DF-20488975D407}.AppStore|x86.Deploy.0 = AppStore|iPhone
		{8A887147-D68A-48F3-B9DF-20488975D407}.Debug|Any CPU.ActiveCfg = Debug|iPhoneSimulator
		{8A887147-D68A-48F3-B9DF-20488975D407}.Debug|Any CPU.Build.0 = Debug|iPhoneSimulator
		{8A887147-D68A-48F3-B9DF-20488975D407}.Debug|Any CPU.Deploy.0 = Debug|iPhoneSimulator
		{8A887147-D68A-48F3-B9DF-20488975D407}.Debug|ARM.ActiveCfg = Debug|iPhone
		{8A887147-D68A-48F3-B9DF-20488975D407}.Debug|ARM.Build.0 = Debug|iPhone
		{8A887147-D68A-48F3-B9DF-20488975D407}.Debug|ARM.Deploy.0 = Debug|iPhone
		{8A887147-D68A-48F3-B9DF-20488975D407}.Debug|ARM64.ActiveCfg = Debug|iPhone
		{8A887147-D68A-48F3-B9DF-20488975D407}.Debug|iPhone.ActiveCfg = Debug|iPhone
		{8A887147-D68A-48F3-B9DF-20488975D407}.Debug|iPhone.Build.0 = Debug|iPhone
		{8A887147-D68A-48F3-B9DF-20488975D407}.Debug|iPhone.Deploy.0 = Debug|iPhone
		{8A887147-D68A-48F3-B9DF-20488975D407}.Debug|iPhoneSimulator.ActiveCfg = Debug|iPhoneSimulator
		{8A887147-D68A-48F3-B9DF-20488975D407}.Debug|iPhoneSimulator.Build.0 = Debug|iPhoneSimulator
		{8A887147-D68A-48F3-B9DF-20488975D407}.Debug|iPhoneSimulator.Deploy.0 = Debug|iPhoneSimulator
		{8A887147-D68A-48F3-B9DF-20488975D407}.Debug|x64.ActiveCfg = Debug|iPhone
		{8A887147-D68A-48F3-B9DF-20488975D407}.Debug|x64.Build.0 = Debug|iPhone
		{8A887147-D68A-48F3-B9DF-20488975D407}.Debug|x64.Deploy.0 = Debug|iPhone
		{8A887147-D68A-48F3-B9DF-20488975D407}.Debug|x86.ActiveCfg = Debug|iPhone
		{8A887147-D68A-48F3-B9DF-20488975D407}.Debug|x86.Build.0 = Debug|iPhone
		{8A887147-D68A-48F3-B9DF-20488975D407}.Debug|x86.Deploy.0 = Debug|iPhone
		{8A887147-D68A-48F3-B9DF-20488975D407}.Release|Any CPU.ActiveCfg = Release|iPhone
		{8A887147-D68A-48F3-B9DF-20488975D407}.Release|Any CPU.Build.0 = Release|iPhone
		{8A887147-D68A-48F3-B9DF-20488975D407}.Release|Any CPU.Deploy.0 = Release|iPhone
		{8A887147-D68A-48F3-B9DF-20488975D407}.Release|ARM.ActiveCfg = Release|iPhone
		{8A887147-D68A-48F3-B9DF-20488975D407}.Release|ARM.Build.0 = Release|iPhone
		{8A887147-D68A-48F3-B9DF-20488975D407}.Release|ARM.Deploy.0 = Release|iPhone
		{8A887147-D68A-48F3-B9DF-20488975D407}.Release|ARM64.ActiveCfg = Release|iPhoneSimulator
		{8A887147-D68A-48F3-B9DF-20488975D407}.Release|iPhone.ActiveCfg = Release|iPhone
		{8A887147-D68A-48F3-B9DF-20488975D407}.Release|iPhone.Build.0 = Release|iPhone
		{8A887147-D68A-48F3-B9DF-20488975D407}.Release|iPhone.Deploy.0 = Release|iPhone
		{8A887147-D68A-48F3-B9DF-20488975D407}.Release|iPhoneSimulator.ActiveCfg = Release|iPhoneSimulator
		{8A887147-D68A-48F3-B9DF-20488975D407}.Release|iPhoneSimulator.Build.0 = Release|iPhoneSimulator
		{8A887147-D68A-48F3-B9DF-20488975D407}.Release|iPhoneSimulator.Deploy.0 = Release|iPhoneSimulator
		{8A887147-D68A-48F3-B9DF-20488975D407}.Release|x64.ActiveCfg = Release|iPhone
		{8A887147-D68A-48F3-B9DF-20488975D407}.Release|x64.Build.0 = Release|iPhone
		{8A887147-D68A-48F3-B9DF-20488975D407}.Release|x64.Deploy.0 = Release|iPhone
		{8A887147-D68A-48F3-B9DF-20488975D407}.Release|x86.ActiveCfg = Release|iPhone
		{8A887147-D68A-48F3-B9DF-20488975D407}.Release|x86.Build.0 = Release|iPhone
		{8A887147-D68A-48F3-B9DF-20488975D407}.Release|x86.Deploy.0 = Release|iPhone
		{45A108A4-5308-4F5A-91DC-817CCEC13337}.Ad-Hoc|Any CPU.ActiveCfg = Release|x86
		{45A108A4-5308-4F5A-91DC-817CCEC13337}.Ad-Hoc|Any CPU.Build.0 = Release|x86
		{45A108A4-5308-4F5A-91DC-817CCEC13337}.Ad-Hoc|Any CPU.Deploy.0 = Release|x86
		{45A108A4-5308-4F5A-91DC-817CCEC13337}.Ad-Hoc|ARM.ActiveCfg = Release|ARM
		{45A108A4-5308-4F5A-91DC-817CCEC13337}.Ad-Hoc|ARM.Build.0 = Release|ARM
		{45A108A4-5308-4F5A-91DC-817CCEC13337}.Ad-Hoc|ARM.Deploy.0 = Release|ARM
		{45A108A4-5308-4F5A-91DC-817CCEC13337}.Ad-Hoc|ARM64.ActiveCfg = Debug|x64
		{45A108A4-5308-4F5A-91DC-817CCEC13337}.Ad-Hoc|ARM64.Build.0 = Debug|x64
		{45A108A4-5308-4F5A-91DC-817CCEC13337}.Ad-Hoc|ARM64.Deploy.0 = Debug|x64
		{45A108A4-5308-4F5A-91DC-817CCEC13337}.Ad-Hoc|iPhone.ActiveCfg = Release|x86
		{45A108A4-5308-4F5A-91DC-817CCEC13337}.Ad-Hoc|iPhone.Build.0 = Release|x86
		{45A108A4-5308-4F5A-91DC-817CCEC13337}.Ad-Hoc|iPhone.Deploy.0 = Release|x86
		{45A108A4-5308-4F5A-91DC-817CCEC13337}.Ad-Hoc|iPhoneSimulator.ActiveCfg = Release|x86
		{45A108A4-5308-4F5A-91DC-817CCEC13337}.Ad-Hoc|iPhoneSimulator.Build.0 = Release|x86
		{45A108A4-5308-4F5A-91DC-817CCEC13337}.Ad-Hoc|iPhoneSimulator.Deploy.0 = Release|x86
		{45A108A4-5308-4F5A-91DC-817CCEC13337}.Ad-Hoc|x64.ActiveCfg = Release|x64
		{45A108A4-5308-4F5A-91DC-817CCEC13337}.Ad-Hoc|x64.Build.0 = Release|x64
		{45A108A4-5308-4F5A-91DC-817CCEC13337}.Ad-Hoc|x64.Deploy.0 = Release|x64
		{45A108A4-5308-4F5A-91DC-817CCEC13337}.Ad-Hoc|x86.ActiveCfg = Release|x86
		{45A108A4-5308-4F5A-91DC-817CCEC13337}.Ad-Hoc|x86.Build.0 = Release|x86
		{45A108A4-5308-4F5A-91DC-817CCEC13337}.Ad-Hoc|x86.Deploy.0 = Release|x86
		{45A108A4-5308-4F5A-91DC-817CCEC13337}.AppStore|Any CPU.ActiveCfg = Release|x86
		{45A108A4-5308-4F5A-91DC-817CCEC13337}.AppStore|Any CPU.Build.0 = Release|x86
		{45A108A4-5308-4F5A-91DC-817CCEC13337}.AppStore|Any CPU.Deploy.0 = Release|x86
		{45A108A4-5308-4F5A-91DC-817CCEC13337}.AppStore|ARM.ActiveCfg = Release|ARM
		{45A108A4-5308-4F5A-91DC-817CCEC13337}.AppStore|ARM.Build.0 = Release|ARM
		{45A108A4-5308-4F5A-91DC-817CCEC13337}.AppStore|ARM.Deploy.0 = Release|ARM
		{45A108A4-5308-4F5A-91DC-817CCEC13337}.AppStore|ARM64.ActiveCfg = Debug|x64
		{45A108A4-5308-4F5A-91DC-817CCEC13337}.AppStore|ARM64.Build.0 = Debug|x64
		{45A108A4-5308-4F5A-91DC-817CCEC13337}.AppStore|ARM64.Deploy.0 = Debug|x64
		{45A108A4-5308-4F5A-91DC-817CCEC13337}.AppStore|iPhone.ActiveCfg = Release|x86
		{45A108A4-5308-4F5A-91DC-817CCEC13337}.AppStore|iPhone.Build.0 = Release|x86
		{45A108A4-5308-4F5A-91DC-817CCEC13337}.AppStore|iPhone.Deploy.0 = Release|x86
		{45A108A4-5308-4F5A-91DC-817CCEC13337}.AppStore|iPhoneSimulator.ActiveCfg = Release|x86
		{45A108A4-5308-4F5A-91DC-817CCEC13337}.AppStore|iPhoneSimulator.Build.0 = Release|x86
		{45A108A4-5308-4F5A-91DC-817CCEC13337}.AppStore|iPhoneSimulator.Deploy.0 = Release|x86
		{45A108A4-5308-4F5A-91DC-817CCEC13337}.AppStore|x64.ActiveCfg = Release|x64
		{45A108A4-5308-4F5A-91DC-817CCEC13337}.AppStore|x64.Build.0 = Release|x64
		{45A108A4-5308-4F5A-91DC-817CCEC13337}.AppStore|x64.Deploy.0 = Release|x64
		{45A108A4-5308-4F5A-91DC-817CCEC13337}.AppStore|x86.ActiveCfg = Release|x86
		{45A108A4-5308-4F5A-91DC-817CCEC13337}.AppStore|x86.Build.0 = Release|x86
		{45A108A4-5308-4F5A-91DC-817CCEC13337}.AppStore|x86.Deploy.0 = Release|x86
		{45A108A4-5308-4F5A-91DC-817CCEC13337}.Debug|Any CPU.ActiveCfg = Debug|x86
		{45A108A4-5308-4F5A-91DC-817CCEC13337}.Debug|Any CPU.Build.0 = Debug|x86
		{45A108A4-5308-4F5A-91DC-817CCEC13337}.Debug|Any CPU.Deploy.0 = Debug|x86
		{45A108A4-5308-4F5A-91DC-817CCEC13337}.Debug|ARM.ActiveCfg = Debug|ARM
		{45A108A4-5308-4F5A-91DC-817CCEC13337}.Debug|ARM.Build.0 = Debug|ARM
		{45A108A4-5308-4F5A-91DC-817CCEC13337}.Debug|ARM.Deploy.0 = Debug|ARM
		{45A108A4-5308-4F5A-91DC-817CCEC13337}.Debug|ARM64.ActiveCfg = Debug|x86
		{45A108A4-5308-4F5A-91DC-817CCEC13337}.Debug|iPhone.ActiveCfg = Debug|x86
		{45A108A4-5308-4F5A-91DC-817CCEC13337}.Debug|iPhone.Build.0 = Debug|x86
		{45A108A4-5308-4F5A-91DC-817CCEC13337}.Debug|iPhone.Deploy.0 = Debug|x86
		{45A108A4-5308-4F5A-91DC-817CCEC13337}.Debug|iPhoneSimulator.ActiveCfg = Debug|x86
		{45A108A4-5308-4F5A-91DC-817CCEC13337}.Debug|iPhoneSimulator.Build.0 = Debug|x86
		{45A108A4-5308-4F5A-91DC-817CCEC13337}.Debug|iPhoneSimulator.Deploy.0 = Debug|x86
		{45A108A4-5308-4F5A-91DC-817CCEC13337}.Debug|x64.ActiveCfg = Debug|x64
		{45A108A4-5308-4F5A-91DC-817CCEC13337}.Debug|x64.Build.0 = Debug|x64
		{45A108A4-5308-4F5A-91DC-817CCEC13337}.Debug|x64.Deploy.0 = Debug|x64
		{45A108A4-5308-4F5A-91DC-817CCEC13337}.Debug|x86.ActiveCfg = Debug|x86
		{45A108A4-5308-4F5A-91DC-817CCEC13337}.Debug|x86.Build.0 = Debug|x86
		{45A108A4-5308-4F5A-91DC-817CCEC13337}.Debug|x86.Deploy.0 = Debug|x86
		{45A108A4-5308-4F5A-91DC-817CCEC13337}.Release|Any CPU.ActiveCfg = Release|x86
		{45A108A4-5308-4F5A-91DC-817CCEC13337}.Release|Any CPU.Build.0 = Release|x86
		{45A108A4-5308-4F5A-91DC-817CCEC13337}.Release|Any CPU.Deploy.0 = Release|x86
		{45A108A4-5308-4F5A-91DC-817CCEC13337}.Release|ARM.ActiveCfg = Release|ARM
		{45A108A4-5308-4F5A-91DC-817CCEC13337}.Release|ARM.Build.0 = Release|ARM
		{45A108A4-5308-4F5A-91DC-817CCEC13337}.Release|ARM.Deploy.0 = Release|ARM
		{45A108A4-5308-4F5A-91DC-817CCEC13337}.Release|ARM64.ActiveCfg = Release|x86
		{45A108A4-5308-4F5A-91DC-817CCEC13337}.Release|iPhone.ActiveCfg = Release|x86
		{45A108A4-5308-4F5A-91DC-817CCEC13337}.Release|iPhone.Build.0 = Release|x86
		{45A108A4-5308-4F5A-91DC-817CCEC13337}.Release|iPhone.Deploy.0 = Release|x86
		{45A108A4-5308-4F5A-91DC-817CCEC13337}.Release|iPhoneSimulator.ActiveCfg = Release|x86
		{45A108A4-5308-4F5A-91DC-817CCEC13337}.Release|iPhoneSimulator.Build.0 = Release|x86
		{45A108A4-5308-4F5A-91DC-817CCEC13337}.Release|iPhoneSimulator.Deploy.0 = Release|x86
		{45A108A4-5308-4F5A-91DC-817CCEC13337}.Release|x64.ActiveCfg = Release|x64
		{45A108A4-5308-4F5A-91DC-817CCEC13337}.Release|x64.Build.0 = Release|x64
		{45A108A4-5308-4F5A-91DC-817CCEC13337}.Release|x64.Deploy.0 = Release|x64
		{45A108A4-5308-4F5A-91DC-817CCEC13337}.Release|x86.ActiveCfg = Release|x86
		{45A108A4-5308-4F5A-91DC-817CCEC13337}.Release|x86.Build.0 = Release|x86
		{45A108A4-5308-4F5A-91DC-817CCEC13337}.Release|x86.Deploy.0 = Release|x86
		{203C5D64-6335-4220-9C73-407F5ECF74FC}.Ad-Hoc|Any CPU.ActiveCfg = Debug|Any CPU
		{203C5D64-6335-4220-9C73-407F5ECF74FC}.Ad-Hoc|Any CPU.Build.0 = Debug|Any CPU
		{203C5D64-6335-4220-9C73-407F5ECF74FC}.Ad-Hoc|Any CPU.Deploy.0 = Debug|Any CPU
		{203C5D64-6335-4220-9C73-407F5ECF74FC}.Ad-Hoc|ARM.ActiveCfg = Debug|Any CPU
		{203C5D64-6335-4220-9C73-407F5ECF74FC}.Ad-Hoc|ARM.Build.0 = Debug|Any CPU
		{203C5D64-6335-4220-9C73-407F5ECF74FC}.Ad-Hoc|ARM.Deploy.0 = Debug|Any CPU
		{203C5D64-6335-4220-9C73-407F5ECF74FC}.Ad-Hoc|ARM64.ActiveCfg = Release|Any CPU
		{203C5D64-6335-4220-9C73-407F5ECF74FC}.Ad-Hoc|ARM64.Build.0 = Release|Any CPU
		{203C5D64-6335-4220-9C73-407F5ECF74FC}.Ad-Hoc|iPhone.ActiveCfg = Debug|Any CPU
		{203C5D64-6335-4220-9C73-407F5ECF74FC}.Ad-Hoc|iPhone.Build.0 = Debug|Any CPU
		{203C5D64-6335-4220-9C73-407F5ECF74FC}.Ad-Hoc|iPhone.Deploy.0 = Debug|Any CPU
		{203C5D64-6335-4220-9C73-407F5ECF74FC}.Ad-Hoc|iPhoneSimulator.ActiveCfg = Debug|Any CPU
		{203C5D64-6335-4220-9C73-407F5ECF74FC}.Ad-Hoc|iPhoneSimulator.Build.0 = Debug|Any CPU
		{203C5D64-6335-4220-9C73-407F5ECF74FC}.Ad-Hoc|iPhoneSimulator.Deploy.0 = Debug|Any CPU
		{203C5D64-6335-4220-9C73-407F5ECF74FC}.Ad-Hoc|x64.ActiveCfg = Debug|Any CPU
		{203C5D64-6335-4220-9C73-407F5ECF74FC}.Ad-Hoc|x64.Build.0 = Debug|Any CPU
		{203C5D64-6335-4220-9C73-407F5ECF74FC}.Ad-Hoc|x64.Deploy.0 = Debug|Any CPU
		{203C5D64-6335-4220-9C73-407F5ECF74FC}.Ad-Hoc|x86.ActiveCfg = Debug|Any CPU
		{203C5D64-6335-4220-9C73-407F5ECF74FC}.Ad-Hoc|x86.Build.0 = Debug|Any CPU
		{203C5D64-6335-4220-9C73-407F5ECF74FC}.Ad-Hoc|x86.Deploy.0 = Debug|Any CPU
		{203C5D64-6335-4220-9C73-407F5ECF74FC}.AppStore|Any CPU.ActiveCfg = Debug|Any CPU
		{203C5D64-6335-4220-9C73-407F5ECF74FC}.AppStore|Any CPU.Build.0 = Debug|Any CPU
		{203C5D64-6335-4220-9C73-407F5ECF74FC}.AppStore|Any CPU.Deploy.0 = Debug|Any CPU
		{203C5D64-6335-4220-9C73-407F5ECF74FC}.AppStore|ARM.ActiveCfg = Debug|Any CPU
		{203C5D64-6335-4220-9C73-407F5ECF74FC}.AppStore|ARM.Build.0 = Debug|Any CPU
		{203C5D64-6335-4220-9C73-407F5ECF74FC}.AppStore|ARM.Deploy.0 = Debug|Any CPU
		{203C5D64-6335-4220-9C73-407F5ECF74FC}.AppStore|ARM64.ActiveCfg = Release|Any CPU
		{203C5D64-6335-4220-9C73-407F5ECF74FC}.AppStore|ARM64.Build.0 = Release|Any CPU
		{203C5D64-6335-4220-9C73-407F5ECF74FC}.AppStore|iPhone.ActiveCfg = Debug|Any CPU
		{203C5D64-6335-4220-9C73-407F5ECF74FC}.AppStore|iPhone.Build.0 = Debug|Any CPU
		{203C5D64-6335-4220-9C73-407F5ECF74FC}.AppStore|iPhone.Deploy.0 = Debug|Any CPU
		{203C5D64-6335-4220-9C73-407F5ECF74FC}.AppStore|iPhoneSimulator.ActiveCfg = Debug|Any CPU
		{203C5D64-6335-4220-9C73-407F5ECF74FC}.AppStore|iPhoneSimulator.Build.0 = Debug|Any CPU
		{203C5D64-6335-4220-9C73-407F5ECF74FC}.AppStore|iPhoneSimulator.Deploy.0 = Debug|Any CPU
		{203C5D64-6335-4220-9C73-407F5ECF74FC}.AppStore|x64.ActiveCfg = Debug|Any CPU
		{203C5D64-6335-4220-9C73-407F5ECF74FC}.AppStore|x64.Build.0 = Debug|Any CPU
		{203C5D64-6335-4220-9C73-407F5ECF74FC}.AppStore|x64.Deploy.0 = Debug|Any CPU
		{203C5D64-6335-4220-9C73-407F5ECF74FC}.AppStore|x86.ActiveCfg = Debug|Any CPU
		{203C5D64-6335-4220-9C73-407F5ECF74FC}.AppStore|x86.Build.0 = Debug|Any CPU
		{203C5D64-6335-4220-9C73-407F5ECF74FC}.AppStore|x86.Deploy.0 = Debug|Any CPU
		{203C5D64-6335-4220-9C73-407F5ECF74FC}.Debug|Any CPU.ActiveCfg = Debug|Any CPU
		{203C5D64-6335-4220-9C73-407F5ECF74FC}.Debug|Any CPU.Build.0 = Debug|Any CPU
		{203C5D64-6335-4220-9C73-407F5ECF74FC}.Debug|Any CPU.Deploy.0 = Debug|Any CPU
		{203C5D64-6335-4220-9C73-407F5ECF74FC}.Debug|ARM.ActiveCfg = Debug|Any CPU
		{203C5D64-6335-4220-9C73-407F5ECF74FC}.Debug|ARM.Build.0 = Debug|Any CPU
		{203C5D64-6335-4220-9C73-407F5ECF74FC}.Debug|ARM.Deploy.0 = Debug|Any CPU
		{203C5D64-6335-4220-9C73-407F5ECF74FC}.Debug|ARM64.ActiveCfg = Debug|Any CPU
		{203C5D64-6335-4220-9C73-407F5ECF74FC}.Debug|ARM64.Build.0 = Debug|Any CPU
		{203C5D64-6335-4220-9C73-407F5ECF74FC}.Debug|iPhone.ActiveCfg = Debug|Any CPU
		{203C5D64-6335-4220-9C73-407F5ECF74FC}.Debug|iPhone.Build.0 = Debug|Any CPU
		{203C5D64-6335-4220-9C73-407F5ECF74FC}.Debug|iPhone.Deploy.0 = Debug|Any CPU
		{203C5D64-6335-4220-9C73-407F5ECF74FC}.Debug|iPhoneSimulator.ActiveCfg = Debug|Any CPU
		{203C5D64-6335-4220-9C73-407F5ECF74FC}.Debug|iPhoneSimulator.Build.0 = Debug|Any CPU
		{203C5D64-6335-4220-9C73-407F5ECF74FC}.Debug|iPhoneSimulator.Deploy.0 = Debug|Any CPU
		{203C5D64-6335-4220-9C73-407F5ECF74FC}.Debug|x64.ActiveCfg = Debug|Any CPU
		{203C5D64-6335-4220-9C73-407F5ECF74FC}.Debug|x64.Build.0 = Debug|Any CPU
		{203C5D64-6335-4220-9C73-407F5ECF74FC}.Debug|x64.Deploy.0 = Debug|Any CPU
		{203C5D64-6335-4220-9C73-407F5ECF74FC}.Debug|x86.ActiveCfg = Debug|Any CPU
		{203C5D64-6335-4220-9C73-407F5ECF74FC}.Debug|x86.Build.0 = Debug|Any CPU
		{203C5D64-6335-4220-9C73-407F5ECF74FC}.Debug|x86.Deploy.0 = Debug|Any CPU
		{203C5D64-6335-4220-9C73-407F5ECF74FC}.Release|Any CPU.ActiveCfg = Release|Any CPU
		{203C5D64-6335-4220-9C73-407F5ECF74FC}.Release|Any CPU.Build.0 = Release|Any CPU
		{203C5D64-6335-4220-9C73-407F5ECF74FC}.Release|Any CPU.Deploy.0 = Release|Any CPU
		{203C5D64-6335-4220-9C73-407F5ECF74FC}.Release|ARM.ActiveCfg = Release|Any CPU
		{203C5D64-6335-4220-9C73-407F5ECF74FC}.Release|ARM.Build.0 = Release|Any CPU
		{203C5D64-6335-4220-9C73-407F5ECF74FC}.Release|ARM.Deploy.0 = Release|Any CPU
		{203C5D64-6335-4220-9C73-407F5ECF74FC}.Release|ARM64.ActiveCfg = Release|Any CPU
		{203C5D64-6335-4220-9C73-407F5ECF74FC}.Release|ARM64.Build.0 = Release|Any CPU
		{203C5D64-6335-4220-9C73-407F5ECF74FC}.Release|iPhone.ActiveCfg = Release|Any CPU
		{203C5D64-6335-4220-9C73-407F5ECF74FC}.Release|iPhone.Build.0 = Release|Any CPU
		{203C5D64-6335-4220-9C73-407F5ECF74FC}.Release|iPhone.Deploy.0 = Release|Any CPU
		{203C5D64-6335-4220-9C73-407F5ECF74FC}.Release|iPhoneSimulator.ActiveCfg = Release|Any CPU
		{203C5D64-6335-4220-9C73-407F5ECF74FC}.Release|iPhoneSimulator.Build.0 = Release|Any CPU
		{203C5D64-6335-4220-9C73-407F5ECF74FC}.Release|iPhoneSimulator.Deploy.0 = Release|Any CPU
		{203C5D64-6335-4220-9C73-407F5ECF74FC}.Release|x64.ActiveCfg = Release|Any CPU
		{203C5D64-6335-4220-9C73-407F5ECF74FC}.Release|x64.Build.0 = Release|Any CPU
		{203C5D64-6335-4220-9C73-407F5ECF74FC}.Release|x64.Deploy.0 = Release|Any CPU
		{203C5D64-6335-4220-9C73-407F5ECF74FC}.Release|x86.ActiveCfg = Release|Any CPU
		{203C5D64-6335-4220-9C73-407F5ECF74FC}.Release|x86.Build.0 = Release|Any CPU
		{203C5D64-6335-4220-9C73-407F5ECF74FC}.Release|x86.Deploy.0 = Release|Any CPU
		{DA355D1D-B219-4B24-AF5D-9CB0F9334CC3}.Ad-Hoc|Any CPU.ActiveCfg = Release|Any CPU
		{DA355D1D-B219-4B24-AF5D-9CB0F9334CC3}.Ad-Hoc|Any CPU.Build.0 = Release|Any CPU
		{DA355D1D-B219-4B24-AF5D-9CB0F9334CC3}.Ad-Hoc|ARM.ActiveCfg = Release|Any CPU
		{DA355D1D-B219-4B24-AF5D-9CB0F9334CC3}.Ad-Hoc|ARM.Build.0 = Release|Any CPU
		{DA355D1D-B219-4B24-AF5D-9CB0F9334CC3}.Ad-Hoc|ARM64.ActiveCfg = Release|Any CPU
		{DA355D1D-B219-4B24-AF5D-9CB0F9334CC3}.Ad-Hoc|ARM64.Build.0 = Release|Any CPU
		{DA355D1D-B219-4B24-AF5D-9CB0F9334CC3}.Ad-Hoc|iPhone.ActiveCfg = Release|Any CPU
		{DA355D1D-B219-4B24-AF5D-9CB0F9334CC3}.Ad-Hoc|iPhone.Build.0 = Release|Any CPU
		{DA355D1D-B219-4B24-AF5D-9CB0F9334CC3}.Ad-Hoc|iPhoneSimulator.ActiveCfg = Release|Any CPU
		{DA355D1D-B219-4B24-AF5D-9CB0F9334CC3}.Ad-Hoc|iPhoneSimulator.Build.0 = Release|Any CPU
		{DA355D1D-B219-4B24-AF5D-9CB0F9334CC3}.Ad-Hoc|x64.ActiveCfg = Release|Any CPU
		{DA355D1D-B219-4B24-AF5D-9CB0F9334CC3}.Ad-Hoc|x64.Build.0 = Release|Any CPU
		{DA355D1D-B219-4B24-AF5D-9CB0F9334CC3}.Ad-Hoc|x86.ActiveCfg = Release|Any CPU
		{DA355D1D-B219-4B24-AF5D-9CB0F9334CC3}.Ad-Hoc|x86.Build.0 = Release|Any CPU
		{DA355D1D-B219-4B24-AF5D-9CB0F9334CC3}.AppStore|Any CPU.ActiveCfg = Release|Any CPU
		{DA355D1D-B219-4B24-AF5D-9CB0F9334CC3}.AppStore|Any CPU.Build.0 = Release|Any CPU
		{DA355D1D-B219-4B24-AF5D-9CB0F9334CC3}.AppStore|ARM.ActiveCfg = Release|Any CPU
		{DA355D1D-B219-4B24-AF5D-9CB0F9334CC3}.AppStore|ARM.Build.0 = Release|Any CPU
		{DA355D1D-B219-4B24-AF5D-9CB0F9334CC3}.AppStore|ARM64.ActiveCfg = Release|Any CPU
		{DA355D1D-B219-4B24-AF5D-9CB0F9334CC3}.AppStore|ARM64.Build.0 = Release|Any CPU
		{DA355D1D-B219-4B24-AF5D-9CB0F9334CC3}.AppStore|iPhone.ActiveCfg = Release|Any CPU
		{DA355D1D-B219-4B24-AF5D-9CB0F9334CC3}.AppStore|iPhone.Build.0 = Release|Any CPU
		{DA355D1D-B219-4B24-AF5D-9CB0F9334CC3}.AppStore|iPhoneSimulator.ActiveCfg = Release|Any CPU
		{DA355D1D-B219-4B24-AF5D-9CB0F9334CC3}.AppStore|iPhoneSimulator.Build.0 = Release|Any CPU
		{DA355D1D-B219-4B24-AF5D-9CB0F9334CC3}.AppStore|x64.ActiveCfg = Release|Any CPU
		{DA355D1D-B219-4B24-AF5D-9CB0F9334CC3}.AppStore|x64.Build.0 = Release|Any CPU
		{DA355D1D-B219-4B24-AF5D-9CB0F9334CC3}.AppStore|x86.ActiveCfg = Release|Any CPU
		{DA355D1D-B219-4B24-AF5D-9CB0F9334CC3}.AppStore|x86.Build.0 = Release|Any CPU
		{DA355D1D-B219-4B24-AF5D-9CB0F9334CC3}.Debug|Any CPU.ActiveCfg = Debug|Any CPU
		{DA355D1D-B219-4B24-AF5D-9CB0F9334CC3}.Debug|Any CPU.Build.0 = Debug|Any CPU
		{DA355D1D-B219-4B24-AF5D-9CB0F9334CC3}.Debug|ARM.ActiveCfg = Debug|Any CPU
		{DA355D1D-B219-4B24-AF5D-9CB0F9334CC3}.Debug|ARM.Build.0 = Debug|Any CPU
		{DA355D1D-B219-4B24-AF5D-9CB0F9334CC3}.Debug|ARM64.ActiveCfg = Debug|Any CPU
		{DA355D1D-B219-4B24-AF5D-9CB0F9334CC3}.Debug|ARM64.Build.0 = Debug|Any CPU
		{DA355D1D-B219-4B24-AF5D-9CB0F9334CC3}.Debug|iPhone.ActiveCfg = Debug|Any CPU
		{DA355D1D-B219-4B24-AF5D-9CB0F9334CC3}.Debug|iPhone.Build.0 = Debug|Any CPU
		{DA355D1D-B219-4B24-AF5D-9CB0F9334CC3}.Debug|iPhoneSimulator.ActiveCfg = Debug|Any CPU
		{DA355D1D-B219-4B24-AF5D-9CB0F9334CC3}.Debug|iPhoneSimulator.Build.0 = Debug|Any CPU
		{DA355D1D-B219-4B24-AF5D-9CB0F9334CC3}.Debug|x64.ActiveCfg = Debug|Any CPU
		{DA355D1D-B219-4B24-AF5D-9CB0F9334CC3}.Debug|x64.Build.0 = Debug|Any CPU
		{DA355D1D-B219-4B24-AF5D-9CB0F9334CC3}.Debug|x86.ActiveCfg = Debug|Any CPU
		{DA355D1D-B219-4B24-AF5D-9CB0F9334CC3}.Debug|x86.Build.0 = Debug|Any CPU
		{DA355D1D-B219-4B24-AF5D-9CB0F9334CC3}.Release|Any CPU.ActiveCfg = Release|Any CPU
		{DA355D1D-B219-4B24-AF5D-9CB0F9334CC3}.Release|Any CPU.Build.0 = Release|Any CPU
		{DA355D1D-B219-4B24-AF5D-9CB0F9334CC3}.Release|ARM.ActiveCfg = Release|Any CPU
		{DA355D1D-B219-4B24-AF5D-9CB0F9334CC3}.Release|ARM.Build.0 = Release|Any CPU
		{DA355D1D-B219-4B24-AF5D-9CB0F9334CC3}.Release|ARM64.ActiveCfg = Release|Any CPU
		{DA355D1D-B219-4B24-AF5D-9CB0F9334CC3}.Release|ARM64.Build.0 = Release|Any CPU
		{DA355D1D-B219-4B24-AF5D-9CB0F9334CC3}.Release|iPhone.ActiveCfg = Release|Any CPU
		{DA355D1D-B219-4B24-AF5D-9CB0F9334CC3}.Release|iPhone.Build.0 = Release|Any CPU
		{DA355D1D-B219-4B24-AF5D-9CB0F9334CC3}.Release|iPhoneSimulator.ActiveCfg = Release|Any CPU
		{DA355D1D-B219-4B24-AF5D-9CB0F9334CC3}.Release|iPhoneSimulator.Build.0 = Release|Any CPU
		{DA355D1D-B219-4B24-AF5D-9CB0F9334CC3}.Release|x64.ActiveCfg = Release|Any CPU
		{DA355D1D-B219-4B24-AF5D-9CB0F9334CC3}.Release|x64.Build.0 = Release|Any CPU
		{DA355D1D-B219-4B24-AF5D-9CB0F9334CC3}.Release|x86.ActiveCfg = Release|Any CPU
		{DA355D1D-B219-4B24-AF5D-9CB0F9334CC3}.Release|x86.Build.0 = Release|Any CPU
	EndGlobalSection
	GlobalSection(SolutionProperties) = preSolution
		HideSolutionNode = FALSE
	EndGlobalSection
	GlobalSection(ExtensibilityGlobals) = postSolution
		SolutionGuid = {F3F36FBB-C36B-41BA-BDC8-9CE1FB39B823}
	EndGlobalSection
EndGlobal
